// !$*UTF8*$!
{
	archiveVersion = 1;
	classes = {
	};
	objectVersion = 46;
	objects = {

/* Begin PBXBuildFile section */
		1B01EBEC1DAFCBE5000289A2 /* AppDelegate.swift in Sources */ = {isa = PBXBuildFile; fileRef = 1B01EBEB1DAFCBE5000289A2 /* AppDelegate.swift */; };
		1B01EBEE1DAFCBE5000289A2 /* ViewController.swift in Sources */ = {isa = PBXBuildFile; fileRef = 1B01EBED1DAFCBE5000289A2 /* ViewController.swift */; };
		1B01EBF11DAFCBE5000289A2 /* Main.storyboard in Resources */ = {isa = PBXBuildFile; fileRef = 1B01EBEF1DAFCBE5000289A2 /* Main.storyboard */; };
		1B01EBF31DAFCBE5000289A2 /* Assets.xcassets in Resources */ = {isa = PBXBuildFile; fileRef = 1B01EBF21DAFCBE5000289A2 /* Assets.xcassets */; };
		1B01EBF61DAFCBE5000289A2 /* LaunchScreen.storyboard in Resources */ = {isa = PBXBuildFile; fileRef = 1B01EBF41DAFCBE5000289A2 /* LaunchScreen.storyboard */; };
		1B9FE3711DB367F000E1B0C6 /* CalculatorBrain.swift in Sources */ = {isa = PBXBuildFile; fileRef = 1B9FE3701DB367F000E1B0C6 /* CalculatorBrain.swift */; };
/* End PBXBuildFile section */

/* Begin PBXFileReference section */
		1B01EBE81DAFCBE5000289A2 /* Calculator.app */ = {isa = PBXFileReference; explicitFileType = wrapper.application; includeInIndex = 0; path = Calculator.app; sourceTree = BUILT_PRODUCTS_DIR; };
		1B01EBEB1DAFCBE5000289A2 /* AppDelegate.swift */ = {isa = PBXFileReference; lastKnownFileType = sourcecode.swift; path = AppDelegate.swift; sourceTree = "<group>"; };
		1B01EBED1DAFCBE5000289A2 /* ViewController.swift */ = {isa = PBXFileReference; lastKnownFileType = sourcecode.swift; path = ViewController.swift; sourceTree = "<group>"; };
		1B01EBF01DAFCBE5000289A2 /* Base */ = {isa = PBXFileReference; lastKnownFileType = file.storyboard; name = Base; path = Base.lproj/Main.storyboard; sourceTree = "<group>"; };
		1B01EBF21DAFCBE5000289A2 /* Assets.xcassets */ = {isa = PBXFileReference; lastKnownFileType = folder.assetcatalog; path = Assets.xcassets; sourceTree = "<group>"; };
		1B01EBF51DAFCBE5000289A2 /* Base */ = {isa = PBXFileReference; lastKnownFileType = file.storyboard; name = Base; path = Base.lproj/LaunchScreen.storyboard; sourceTree = "<group>"; };
		1B01EBF71DAFCBE5000289A2 /* Info.plist */ = {isa = PBXFileReference; lastKnownFileType = text.plist.xml; path = Info.plist; sourceTree = "<group>"; };
		1B9FE3701DB367F000E1B0C6 /* CalculatorBrain.swift */ = {isa = PBXFileReference; fileEncoding = 4; lastKnownFileType = sourcecode.swift; path = CalculatorBrain.swift; sourceTree = "<group>"; };
/* End PBXFileReference section */

/* Begin PBXFrameworksBuildPhase section */
		1B01EBE51DAFCBE5000289A2 /* Frameworks */ = {
			isa = PBXFrameworksBuildPhase;
			buildActionMask = 2147483647;
			files = (
			);
			runOnlyForDeploymentPostprocessing = 0;
		};
/* End PBXFrameworksBuildPhase section */

/* Begin PBXGroup section */
		1B01EBDF1DAFCBE5000289A2 = {
			isa = PBXGroup;
			children = (
				1B01EBEA1DAFCBE5000289A2 /* Calculator */,
				1B01EBE91DAFCBE5000289A2 /* Products */,
			);
			sourceTree = "<group>";
		};
		1B01EBE91DAFCBE5000289A2 /* Products */ = {
			isa = PBXGroup;
			children = (
				1B01EBE81DAFCBE5000289A2 /* Calculator.app */,
			);
			name = Products;
			sourceTree = "<group>";
		};
		1B01EBEA1DAFCBE5000289A2 /* Calculator */ = {
			isa = PBXGroup;
			children = (
				1B9FE3701DB367F000E1B0C6 /* CalculatorBrain.swift */,
				1B01EBFE1DAFCDDF000289A2 /* Supporting files */,
				1B01EBED1DAFCBE5000289A2 /* ViewController.swift */,
				1B01EBEF1DAFCBE5000289A2 /* Main.storyboard */,
			);
			path = Calculator;
			sourceTree = "<group>";
		};
		1B01EBFE1DAFCDDF000289A2 /* Supporting files */ = {
			isa = PBXGroup;
			children = (
				1B01EBEB1DAFCBE5000289A2 /* AppDelegate.swift */,
				1B01EBF21DAFCBE5000289A2 /* Assets.xcassets */,
				1B01EBF41DAFCBE5000289A2 /* LaunchScreen.storyboard */,
				1B01EBF71DAFCBE5000289A2 /* Info.plist */,
			);
			name = "Supporting files";
			sourceTree = "<group>";
		};
/* End PBXGroup section */

/* Begin PBXNativeTarget section */
		1B01EBE71DAFCBE5000289A2 /* Calculator */ = {
			isa = PBXNativeTarget;
			buildConfigurationList = 1B01EBFA1DAFCBE5000289A2 /* Build configuration list for PBXNativeTarget "Calculator" */;
			buildPhases = (
				1B01EBE41DAFCBE5000289A2 /* Sources */,
				1B01EBE51DAFCBE5000289A2 /* Frameworks */,
				1B01EBE61DAFCBE5000289A2 /* Resources */,
			);
			buildRules = (
			);
			dependencies = (
			);
			name = Calculator;
			productName = Calculator;
			productReference = 1B01EBE81DAFCBE5000289A2 /* Calculator.app */;
			productType = "com.apple.product-type.application";
		};
/* End PBXNativeTarget section */

/* Begin PBXProject section */
		1B01EBE01DAFCBE5000289A2 /* Project object */ = {
			isa = PBXProject;
			attributes = {
				LastSwiftUpdateCheck = 0800;
				LastUpgradeCheck = 0800;
				ORGANIZATIONNAME = "王润基";
				TargetAttributes = {
					1B01EBE71DAFCBE5000289A2 = {
						CreatedOnToolsVersion = 8.0;
						DevelopmentTeam = 8PWTPMXM8E;
						ProvisioningStyle = Automatic;
					};
				};
			};
			buildConfigurationList = 1B01EBE31DAFCBE5000289A2 /* Build configuration list for PBXProject "Calculator" */;
			compatibilityVersion = "Xcode 3.2";
			developmentRegion = English;
			hasScannedForEncodings = 0;
			knownRegions = (
				en,
				Base,
			);
			mainGroup = 1B01EBDF1DAFCBE5000289A2;
			productRefGroup = 1B01EBE91DAFCBE5000289A2 /* Products */;
			projectDirPath = "";
			projectRoot = "";
			targets = (
				1B01EBE71DAFCBE5000289A2 /* Calculator */,
			);
		};
/* End PBXProject section */

/* Begin PBXResourcesBuildPhase section */
		1B01EBE61DAFCBE5000289A2 /* Resources */ = {
			isa = PBXResourcesBuildPhase;
			buildActionMask = 2147483647;
			files = (
				1B01EBF61DAFCBE5000289A2 /* LaunchScreen.storyboard in Resources */,
				1B01EBF31DAFCBE5000289A2 /* Assets.xcassets in Resources */,
				1B01EBF11DAFCBE5000289A2 /* Main.storyboard in Resources */,
			);
			runOnlyForDeploymentPostprocessing = 0;
		};
/* End PBXResourcesBuildPhase section */

/* Begin PBXSourcesBuildPhase section */
		1B01EBE41DAFCBE5000289A2 /* Sources */ = {
			isa = PBXSourcesBuildPhase;
			buildActionMask = 2147483647;
			files = (
				1B9FE3711DB367F000E1B0C6 /* CalculatorBrain.swift in Sources */,
				1B01EBEE1DAFCBE5000289A2 /* ViewController.swift in Sources */,
				1B01EBEC1DAFCBE5000289A2 /* AppDelegate.swift in Sources */,
			);
			runOnlyForDeploymentPostprocessing = 0;
		};
/* End PBXSourcesBuildPhase section */

/* Begin PBXVariantGroup section */
		1B01EBEF1DAFCBE5000289A2 /* Main.storyboard */ = {
			isa = PBXVariantGroup;
			children = (
				1B01EBF01DAFCBE5000289A2 /* Base */,
			);
			name = Main.storyboard;
			sourceTree = "<group>";
		};
		1B01EBF41DAFCBE5000289A2 /* LaunchScreen.storyboard */ = {
			isa = PBXVariantGroup;
			children = (
				1B01EBF51DAFCBE5000289A2 /* Base */,
			);
			name = LaunchScreen.storyboard;
			sourceTree = "<group>";
		};
/* End PBXVariantGroup section */

/* Begin XCBuildConfiguration section */
		1B01EBF81DAFCBE5000289A2 /* Debug */ = {
			isa = XCBuildConfiguration;
			buildSettings = {
				ALWAYS_SEARCH_USER_PATHS = NO;
				CLANG_ANALYZER_NONNULL = YES;
				CLANG_CXX_LANGUAGE_STANDARD = "gnu++0x";
				CLANG_CXX_LIBRARY = "libc++";
				CLANG_ENABLE_MODULES = YES;
				CLANG_ENABLE_OBJC_ARC = YES;
				CLANG_WARN_BOOL_CONVERSION = YES;
				CLANG_WARN_CONSTANT_CONVERSION = YES;
				CLANG_WARN_DIRECT_OBJC_ISA_USAGE = YES_ERROR;
				CLANG_WARN_DOCUMENTATION_COMMENTS = YES;
				CLANG_WARN_EMPTY_BODY = YES;
				CLANG_WARN_ENUM_CONVERSION = YES;
				CLANG_WARN_INFINITE_RECURSION = YES;
				CLANG_WARN_INT_CONVERSION = YES;
				CLANG_WARN_OBJC_ROOT_CLASS = YES_ERROR;
				CLANG_WARN_SUSPICIOUS_MOVES = YES;
				CLANG_WARN_UNREACHABLE_CODE = YES;
				CLANG_WARN__DUPLICATE_METHOD_MATCH = YES;
				"CODE_SIGN_IDENTITY[sdk=iphoneos*]" = "iPhone Developer";
				COPY_PHASE_STRIP = NO;
				DEBUG_INFORMATION_FORMAT = dwarf;
				ENABLE_STRICT_OBJC_MSGSEND = YES;
				ENABLE_TESTABILITY = YES;
				GCC_C_LANGUAGE_STANDARD = gnu99;
				GCC_DYNAMIC_NO_PIC = NO;
				GCC_NO_COMMON_BLOCKS = YES;
				GCC_OPTIMIZATION_LEVEL = 0;
				GCC_PREPROCESSOR_DEFINITIONS = (
					"DEBUG=1",
					"$(inherited)",
				);
				GCC_WARN_64_TO_32_BIT_CONVERSION = YES;
				GCC_WARN_ABOUT_RETURN_TYPE = YES_ERROR;
				GCC_WARN_UNDECLARED_SELECTOR = YES;
				GCC_WARN_UNINITIALIZED_AUTOS = YES_AGGRESSIVE;
				GCC_WARN_UNUSED_FUNCTION = YES;
				GCC_WARN_UNUSED_VARIABLE = YES;
				IPHONEOS_DEPLOYMENT_TARGET = 10.0;
				MTL_ENABLE_DEBUG_INFO = YES;
				ONLY_ACTIVE_ARCH = YES;
				SDKROOT = iphoneos;
				SWIFT_ACTIVE_COMPILATION_CONDITIONS = DEBUG;
				SWIFT_OPTIMIZATION_LEVEL = "-Onone";
				TARGETED_DEVICE_FAMILY = "1,2";
			};
			name = Debug;
		};
		1B01EBF91DAFCBE5000289A2 /* Release */ = {
			isa = XCBuildConfiguration;
			buildSettings = {
				ALWAYS_SEARCH_USER_PATHS = NO;
				CLANG_ANALYZER_NONNULL = YES;
				CLANG_CXX_LANGUAGE_STANDARD = "gnu++0x";
				CLANG_CXX_LIBRARY = "libc++";
				CLANG_ENABLE_MODULES = YES;
				CLANG_ENABLE_OBJC_ARC = YES;
				CLANG_WARN_BOOL_CONVERSION = YES;
				CLANG_WARN_CONSTANT_CONVERSION = YES;
				CLANG_WARN_DIRECT_OBJC_ISA_USAGE = YES_ERROR;
				CLANG_WARN_DOCUMENTATION_COMMENTS = YES;
				CLANG_WARN_EMPTY_BODY = YES;
				CLANG_WARN_ENUM_CONVERSION = YES;
				CLANG_WARN_INFINITE_RECURSION = YES;
				CLANG_WARN_INT_CONVERSION = YES;
				CLANG_WARN_OBJC_ROOT_CLASS = YES_ERROR;
				CLANG_WARN_SUSPICIOUS_MOVES = YES;
				CLANG_WARN_UNREACHABLE_CODE = YES;
				CLANG_WARN__DUPLICATE_METHOD_MATCH = YES;
				"CODE_SIGN_IDENTITY[sdk=iphoneos*]" = "iPhone Developer";
				COPY_PHASE_STRIP = NO;
				DEBUG_INFORMATION_FORMAT = "dwarf-with-dsym";
				ENABLE_NS_ASSERTIONS = NO;
				ENABLE_STRICT_OBJC_MSGSEND = YES;
				GCC_C_LANGUAGE_STANDARD = gnu99;
				GCC_NO_COMMON_BLOCKS = YES;
				GCC_WARN_64_TO_32_BIT_CONVERSION = YES;
				GCC_WARN_ABOUT_RETURN_TYPE = YES_ERROR;
				GCC_WARN_UNDECLARED_SELECTOR = YES;
				GCC_WARN_UNINITIALIZED_AUTOS = YES_AGGRESSIVE;
				GCC_WARN_UNUSED_FUNCTION = YES;
				GCC_WARN_UNUSED_VARIABLE = YES;
				IPHONEOS_DEPLOYMENT_TARGET = 10.0;
				MTL_ENABLE_DEBUG_INFO = NO;
				SDKROOT = iphoneos;
				SWIFT_OPTIMIZATION_LEVEL = "-Owholemodule";
				TARGETED_DEVICE_FAMILY = "1,2";
				VALIDATE_PRODUCT = YES;
			};
			name = Release;
		};
		1B01EBFB1DAFCBE5000289A2 /* Debug */ = {
			isa = XCBuildConfiguration;
			buildSettings = {
				ASSETCATALOG_COMPILER_APPICON_NAME = AppIcon;
				DEVELOPMENT_TEAM = 8PWTPMXM8E;
				INFOPLIST_FILE = Calculator/Info.plist;
				IPHONEOS_DEPLOYMENT_TARGET = 9.0;
				LD_RUNPATH_SEARCH_PATHS = "$(inherited) @executable_path/Frameworks";
				PRODUCT_BUNDLE_IDENTIFIER = wangrunji0408.Calculator;
				PRODUCT_NAME = "$(TARGET_NAME)";
				SWIFT_VERSION = 3.0;
			};
			name = Debug;
		};
		1B01EBFC1DAFCBE5000289A2 /* Release */ = {
			isa = XCBuildConfiguration;
			buildSettings = {
				ASSETCATALOG_COMPILER_APPICON_NAME = AppIcon;
				DEVELOPMENT_TEAM = 8PWTPMXM8E;
				INFOPLIST_FILE = Calculator/Info.plist;
				IPHONEOS_DEPLOYMENT_TARGET = 9.0;
				LD_RUNPATH_SEARCH_PATHS = "$(inherited) @executable_path/Frameworks";
				PRODUCT_BUNDLE_IDENTIFIER = wangrunji0408.Calculator;
				PRODUCT_NAME = "$(TARGET_NAME)";
				SWIFT_VERSION = 3.0;
			};
			name = Release;
		};
/* End XCBuildConfiguration section */

/* Begin XCConfigurationList section */
		1B01EBE31DAFCBE5000289A2 /* Build configuration list for PBXProject "Calculator" */ = {
			isa = XCConfigurationList;
			buildConfigurations = (
				1B01EBF81DAFCBE5000289A2 /* Debug */,
				1B01EBF91DAFCBE5000289A2 /* Release */,
			);
			defaultConfigurationIsVisible = 0;
			defaultConfigurationName = Release;
		};
		1B01EBFA1DAFCBE5000289A2 /* Build configuration list for PBXNativeTarget "Calculator" */ = {
			isa = XCConfigurationList;
			buildConfigurations = (
				1B01EBFB1DAFCBE5000289A2 /* Debug */,
				1B01EBFC1DAFCBE5000289A2 /* Release */,
			);
			defaultConfigurationIsVisible = 0;
			defaultConfigurationName = Release;
		};
/* End XCConfigurationList section */
	};
	rootObject = 1B01EBE01DAFCBE5000289A2 /* Project object */;
}
